// !$*UTF8*$!
{
	archiveVersion = 1;
	classes = {
	};
	objectVersion = 56;
	objects = {

/* Begin PBXBuildFile section */
		7483117B2972CC9B0015ADA1 /* Model Protocols.swift in Sources */ = {isa = PBXBuildFile; fileRef = 7483117A2972CC9B0015ADA1 /* Model Protocols.swift */; };
		7483117D29746E180015ADA1 /* NetworkServiceVM.swift in Sources */ = {isa = PBXBuildFile; fileRef = 7483117C29746E180015ADA1 /* NetworkServiceVM.swift */; };
		7483117F29746EC90015ADA1 /* Data.plist in Resources */ = {isa = PBXBuildFile; fileRef = 7483117E29746EC90015ADA1 /* Data.plist */; };
		74831181297471770015ADA1 /* NetworkService.swift in Sources */ = {isa = PBXBuildFile; fileRef = 74831180297471770015ADA1 /* NetworkService.swift */; };
		74831184297484290015ADA1 /* LocationService.swift in Sources */ = {isa = PBXBuildFile; fileRef = 74831183297484290015ADA1 /* LocationService.swift */; };
		748311862974843A0015ADA1 /* LocationServiceVM.swift in Sources */ = {isa = PBXBuildFile; fileRef = 748311852974843A0015ADA1 /* LocationServiceVM.swift */; };
		74C2B7682971BEF500517E71 /* AppDelegate.swift in Sources */ = {isa = PBXBuildFile; fileRef = 74C2B7672971BEF500517E71 /* AppDelegate.swift */; };
		74C2B76A2971BEF500517E71 /* SceneDelegate.swift in Sources */ = {isa = PBXBuildFile; fileRef = 74C2B7692971BEF500517E71 /* SceneDelegate.swift */; };
		74C2B76C2971BEF500517E71 /* WeatherScreenVC.swift in Sources */ = {isa = PBXBuildFile; fileRef = 74C2B76B2971BEF500517E71 /* WeatherScreenVC.swift */; };
		74C2B7712971BEF500517E71 /* Assets.xcassets in Resources */ = {isa = PBXBuildFile; fileRef = 74C2B7702971BEF500517E71 /* Assets.xcassets */; };
		74C2B7742971BEF500517E71 /* LaunchScreen.storyboard in Resources */ = {isa = PBXBuildFile; fileRef = 74C2B7722971BEF500517E71 /* LaunchScreen.storyboard */; };
		74C2B77C2971C0E900517E71 /* TabBarController.swift in Sources */ = {isa = PBXBuildFile; fileRef = 74C2B77B2971C0E900517E71 /* TabBarController.swift */; };
/* End PBXBuildFile section */

/* Begin PBXFileReference section */
		7483117A2972CC9B0015ADA1 /* Model Protocols.swift */ = {isa = PBXFileReference; lastKnownFileType = sourcecode.swift; path = "Model Protocols.swift"; sourceTree = "<group>"; };
		7483117C29746E180015ADA1 /* NetworkServiceVM.swift */ = {isa = PBXFileReference; lastKnownFileType = sourcecode.swift; path = NetworkServiceVM.swift; sourceTree = "<group>"; };
		7483117E29746EC90015ADA1 /* Data.plist */ = {isa = PBXFileReference; lastKnownFileType = text.plist.xml; path = Data.plist; sourceTree = "<group>"; };
		74831180297471770015ADA1 /* NetworkService.swift */ = {isa = PBXFileReference; lastKnownFileType = sourcecode.swift; path = NetworkService.swift; sourceTree = "<group>"; };
		74831183297484290015ADA1 /* LocationService.swift */ = {isa = PBXFileReference; lastKnownFileType = sourcecode.swift; path = LocationService.swift; sourceTree = "<group>"; };
		748311852974843A0015ADA1 /* LocationServiceVM.swift */ = {isa = PBXFileReference; lastKnownFileType = sourcecode.swift; path = LocationServiceVM.swift; sourceTree = "<group>"; };
		74C2B7642971BEF500517E71 /* MyWeather.app */ = {isa = PBXFileReference; explicitFileType = wrapper.application; includeInIndex = 0; path = MyWeather.app; sourceTree = BUILT_PRODUCTS_DIR; };
		74C2B7672971BEF500517E71 /* AppDelegate.swift */ = {isa = PBXFileReference; lastKnownFileType = sourcecode.swift; path = AppDelegate.swift; sourceTree = "<group>"; };
		74C2B7692971BEF500517E71 /* SceneDelegate.swift */ = {isa = PBXFileReference; lastKnownFileType = sourcecode.swift; path = SceneDelegate.swift; sourceTree = "<group>"; };
		74C2B76B2971BEF500517E71 /* WeatherScreenVC.swift */ = {isa = PBXFileReference; lastKnownFileType = sourcecode.swift; path = WeatherScreenVC.swift; sourceTree = "<group>"; };
		74C2B7702971BEF500517E71 /* Assets.xcassets */ = {isa = PBXFileReference; lastKnownFileType = folder.assetcatalog; path = Assets.xcassets; sourceTree = "<group>"; };
		74C2B7732971BEF500517E71 /* Base */ = {isa = PBXFileReference; lastKnownFileType = file.storyboard; name = Base; path = Base.lproj/LaunchScreen.storyboard; sourceTree = "<group>"; };
		74C2B7752971BEF500517E71 /* Info.plist */ = {isa = PBXFileReference; lastKnownFileType = text.plist.xml; path = Info.plist; sourceTree = "<group>"; };
		74C2B77B2971C0E900517E71 /* TabBarController.swift */ = {isa = PBXFileReference; lastKnownFileType = sourcecode.swift; path = TabBarController.swift; sourceTree = "<group>"; };
/* End PBXFileReference section */

/* Begin PBXFrameworksBuildPhase section */
		74C2B7612971BEF500517E71 /* Frameworks */ = {
			isa = PBXFrameworksBuildPhase;
			buildActionMask = 2147483647;
			files = (
			);
			runOnlyForDeploymentPostprocessing = 0;
		};
/* End PBXFrameworksBuildPhase section */

/* Begin PBXGroup section */
		74831182297473010015ADA1 /* System */ = {
			isa = PBXGroup;
			children = (
				74C2B7672971BEF500517E71 /* AppDelegate.swift */,
				74C2B7692971BEF500517E71 /* SceneDelegate.swift */,
				74C2B77B2971C0E900517E71 /* TabBarController.swift */,
			);
			path = System;
			sourceTree = "<group>";
		};
		74831187297484490015ADA1 /* Network */ = {
			isa = PBXGroup;
			children = (
				74831180297471770015ADA1 /* NetworkService.swift */,
				7483117C29746E180015ADA1 /* NetworkServiceVM.swift */,
			);
			path = Network;
			sourceTree = "<group>";
		};
		74831188297484540015ADA1 /* Location */ = {
			isa = PBXGroup;
			children = (
				74831183297484290015ADA1 /* LocationService.swift */,
				748311852974843A0015ADA1 /* LocationServiceVM.swift */,
			);
			path = Location;
			sourceTree = "<group>";
		};
		74C2B75B2971BEF500517E71 = {
			isa = PBXGroup;
			children = (
				74C2B7662971BEF500517E71 /* MyWeather */,
				74C2B7652971BEF500517E71 /* Products */,
			);
			sourceTree = "<group>";
		};
		74C2B7652971BEF500517E71 /* Products */ = {
			isa = PBXGroup;
			children = (
				74C2B7642971BEF500517E71 /* MyWeather.app */,
			);
			name = Products;
			sourceTree = "<group>";
		};
		74C2B7662971BEF500517E71 /* MyWeather */ = {
			isa = PBXGroup;
			children = (
				74831182297473010015ADA1 /* System */,
				74C2B77D2971C11800517E71 /* Resources */,
				74C2B77E2971C12C00517E71 /* Model ViewModel */,
				74C2B77F2971C13500517E71 /* Views */,
				74C2B7752971BEF500517E71 /* Info.plist */,
			);
			path = MyWeather;
			sourceTree = "<group>";
		};
		74C2B77D2971C11800517E71 /* Resources */ = {
			isa = PBXGroup;
			children = (
				74C2B7702971BEF500517E71 /* Assets.xcassets */,
				74C2B7722971BEF500517E71 /* LaunchScreen.storyboard */,
				7483117E29746EC90015ADA1 /* Data.plist */,
			);
			path = Resources;
			sourceTree = "<group>";
		};
		74C2B77E2971C12C00517E71 /* Model ViewModel */ = {
			isa = PBXGroup;
			children = (
				7483117A2972CC9B0015ADA1 /* Model Protocols.swift */,
				74831187297484490015ADA1 /* Network */,
				74831188297484540015ADA1 /* Location */,
			);
			path = "Model ViewModel";
			sourceTree = "<group>";
		};
		74C2B77F2971C13500517E71 /* Views */ = {
			isa = PBXGroup;
			children = (
				74C2B7802971C14300517E71 /* Weather Screen */,
				74C2B7812971C15000517E71 /* List Screen */,
			);
			path = Views;
			sourceTree = "<group>";
		};
		74C2B7802971C14300517E71 /* Weather Screen */ = {
			isa = PBXGroup;
			children = (
				74C2B7832971C16C00517E71 /* View */,
				74C2B7822971C16500517E71 /* Controller */,
			);
			path = "Weather Screen";
			sourceTree = "<group>";
		};
		74C2B7812971C15000517E71 /* List Screen */ = {
			isa = PBXGroup;
			children = (
			);
			path = "List Screen";
			sourceTree = "<group>";
		};
		74C2B7822971C16500517E71 /* Controller */ = {
			isa = PBXGroup;
			children = (
				74C2B76B2971BEF500517E71 /* WeatherScreenVC.swift */,
			);
			path = Controller;
			sourceTree = "<group>";
		};
		74C2B7832971C16C00517E71 /* View */ = {
			isa = PBXGroup;
			children = (
			);
			path = View;
			sourceTree = "<group>";
		};
/* End PBXGroup section */

/* Begin PBXNativeTarget section */
		74C2B7632971BEF500517E71 /* MyWeather */ = {
			isa = PBXNativeTarget;
			buildConfigurationList = 74C2B7782971BEF500517E71 /* Build configuration list for PBXNativeTarget "MyWeather" */;
			buildPhases = (
				74C2B7602971BEF500517E71 /* Sources */,
				74C2B7612971BEF500517E71 /* Frameworks */,
				74C2B7622971BEF500517E71 /* Resources */,
			);
			buildRules = (
			);
			dependencies = (
			);
			name = MyWeather;
			productName = MyWeather;
			productReference = 74C2B7642971BEF500517E71 /* MyWeather.app */;
			productType = "com.apple.product-type.application";
		};
/* End PBXNativeTarget section */

/* Begin PBXProject section */
		74C2B75C2971BEF500517E71 /* Project object */ = {
			isa = PBXProject;
			attributes = {
				BuildIndependentTargetsInParallel = 1;
				LastSwiftUpdateCheck = 1420;
				LastUpgradeCheck = 1420;
				TargetAttributes = {
					74C2B7632971BEF500517E71 = {
						CreatedOnToolsVersion = 14.2;
					};
				};
			};
			buildConfigurationList = 74C2B75F2971BEF500517E71 /* Build configuration list for PBXProject "MyWeather" */;
			compatibilityVersion = "Xcode 14.0";
			developmentRegion = en;
			hasScannedForEncodings = 0;
			knownRegions = (
				en,
				Base,
			);
			mainGroup = 74C2B75B2971BEF500517E71;
			productRefGroup = 74C2B7652971BEF500517E71 /* Products */;
			projectDirPath = "";
			projectRoot = "";
			targets = (
				74C2B7632971BEF500517E71 /* MyWeather */,
			);
		};
/* End PBXProject section */

/* Begin PBXResourcesBuildPhase section */
		74C2B7622971BEF500517E71 /* Resources */ = {
			isa = PBXResourcesBuildPhase;
			buildActionMask = 2147483647;
			files = (
				7483117F29746EC90015ADA1 /* Data.plist in Resources */,
				74C2B7742971BEF500517E71 /* LaunchScreen.storyboard in Resources */,
				74C2B7712971BEF500517E71 /* Assets.xcassets in Resources */,
			);
			runOnlyForDeploymentPostprocessing = 0;
		};
/* End PBXResourcesBuildPhase section */

/* Begin PBXSourcesBuildPhase section */
		74C2B7602971BEF500517E71 /* Sources */ = {
			isa = PBXSourcesBuildPhase;
			buildActionMask = 2147483647;
			files = (
				74C2B76C2971BEF500517E71 /* WeatherScreenVC.swift in Sources */,
				74C2B77C2971C0E900517E71 /* TabBarController.swift in Sources */,
				74831184297484290015ADA1 /* LocationService.swift in Sources */,
				74C2B7682971BEF500517E71 /* AppDelegate.swift in Sources */,
				74C2B76A2971BEF500517E71 /* SceneDelegate.swift in Sources */,
				7483117D29746E180015ADA1 /* NetworkServiceVM.swift in Sources */,
				7483117B2972CC9B0015ADA1 /* Model Protocols.swift in Sources */,
				74831181297471770015ADA1 /* NetworkService.swift in Sources */,
				748311862974843A0015ADA1 /* LocationServiceVM.swift in Sources */,
			);
			runOnlyForDeploymentPostprocessing = 0;
		};
/* End PBXSourcesBuildPhase section */

/* Begin PBXVariantGroup section */
		74C2B7722971BEF500517E71 /* LaunchScreen.storyboard */ = {
			isa = PBXVariantGroup;
			children = (
				74C2B7732971BEF500517E71 /* Base */,
			);
			name = LaunchScreen.storyboard;
			sourceTree = "<group>";
		};
/* End PBXVariantGroup section */

/* Begin XCBuildConfiguration section */
		74C2B7762971BEF500517E71 /* Debug */ = {
			isa = XCBuildConfiguration;
			buildSettings = {
				ALWAYS_SEARCH_USER_PATHS = NO;
				CLANG_ANALYZER_NONNULL = YES;
				CLANG_ANALYZER_NUMBER_OBJECT_CONVERSION = YES_AGGRESSIVE;
				CLANG_CXX_LANGUAGE_STANDARD = "gnu++20";
				CLANG_ENABLE_MODULES = YES;
				CLANG_ENABLE_OBJC_ARC = YES;
				CLANG_ENABLE_OBJC_WEAK = YES;
				CLANG_WARN_BLOCK_CAPTURE_AUTORELEASING = YES;
				CLANG_WARN_BOOL_CONVERSION = YES;
				CLANG_WARN_COMMA = YES;
				CLANG_WARN_CONSTANT_CONVERSION = YES;
				CLANG_WARN_DEPRECATED_OBJC_IMPLEMENTATIONS = YES;
				CLANG_WARN_DIRECT_OBJC_ISA_USAGE = YES_ERROR;
				CLANG_WARN_DOCUMENTATION_COMMENTS = YES;
				CLANG_WARN_EMPTY_BODY = YES;
				CLANG_WARN_ENUM_CONVERSION = YES;
				CLANG_WARN_INFINITE_RECURSION = YES;
				CLANG_WARN_INT_CONVERSION = YES;
				CLANG_WARN_NON_LITERAL_NULL_CONVERSION = YES;
				CLANG_WARN_OBJC_IMPLICIT_RETAIN_SELF = YES;
				CLANG_WARN_OBJC_LITERAL_CONVERSION = YES;
				CLANG_WARN_OBJC_ROOT_CLASS = YES_ERROR;
				CLANG_WARN_QUOTED_INCLUDE_IN_FRAMEWORK_HEADER = YES;
				CLANG_WARN_RANGE_LOOP_ANALYSIS = YES;
				CLANG_WARN_STRICT_PROTOTYPES = YES;
				CLANG_WARN_SUSPICIOUS_MOVE = YES;
				CLANG_WARN_UNGUARDED_AVAILABILITY = YES_AGGRESSIVE;
				CLANG_WARN_UNREACHABLE_CODE = YES;
				CLANG_WARN__DUPLICATE_METHOD_MATCH = YES;
				COPY_PHASE_STRIP = NO;
				DEBUG_INFORMATION_FORMAT = dwarf;
				ENABLE_STRICT_OBJC_MSGSEND = YES;
				ENABLE_TESTABILITY = YES;
				GCC_C_LANGUAGE_STANDARD = gnu11;
				GCC_DYNAMIC_NO_PIC = NO;
				GCC_NO_COMMON_BLOCKS = YES;
				GCC_OPTIMIZATION_LEVEL = 0;
				GCC_PREPROCESSOR_DEFINITIONS = (
					"DEBUG=1",
					"$(inherited)",
				);
				GCC_WARN_64_TO_32_BIT_CONVERSION = YES;
				GCC_WARN_ABOUT_RETURN_TYPE = YES_ERROR;
				GCC_WARN_UNDECLARED_SELECTOR = YES;
				GCC_WARN_UNINITIALIZED_AUTOS = YES_AGGRESSIVE;
				GCC_WARN_UNUSED_FUNCTION = YES;
				GCC_WARN_UNUSED_VARIABLE = YES;
				IPHONEOS_DEPLOYMENT_TARGET = 16.2;
				MTL_ENABLE_DEBUG_INFO = INCLUDE_SOURCE;
				MTL_FAST_MATH = YES;
				ONLY_ACTIVE_ARCH = YES;
				SDKROOT = iphoneos;
				SWIFT_ACTIVE_COMPILATION_CONDITIONS = DEBUG;
				SWIFT_OPTIMIZATION_LEVEL = "-Onone";
			};
			name = Debug;
		};
		74C2B7772971BEF500517E71 /* Release */ = {
			isa = XCBuildConfiguration;
			buildSettings = {
				ALWAYS_SEARCH_USER_PATHS = NO;
				CLANG_ANALYZER_NONNULL = YES;
				CLANG_ANALYZER_NUMBER_OBJECT_CONVERSION = YES_AGGRESSIVE;
				CLANG_CXX_LANGUAGE_STANDARD = "gnu++20";
				CLANG_ENABLE_MODULES = YES;
				CLANG_ENABLE_OBJC_ARC = YES;
				CLANG_ENABLE_OBJC_WEAK = YES;
				CLANG_WARN_BLOCK_CAPTURE_AUTORELEASING = YES;
				CLANG_WARN_BOOL_CONVERSION = YES;
				CLANG_WARN_COMMA = YES;
				CLANG_WARN_CONSTANT_CONVERSION = YES;
				CLANG_WARN_DEPRECATED_OBJC_IMPLEMENTATIONS = YES;
				CLANG_WARN_DIRECT_OBJC_ISA_USAGE = YES_ERROR;
				CLANG_WARN_DOCUMENTATION_COMMENTS = YES;
				CLANG_WARN_EMPTY_BODY = YES;
				CLANG_WARN_ENUM_CONVERSION = YES;
				CLANG_WARN_INFINITE_RECURSION = YES;
				CLANG_WARN_INT_CONVERSION = YES;
				CLANG_WARN_NON_LITERAL_NULL_CONVERSION = YES;
				CLANG_WARN_OBJC_IMPLICIT_RETAIN_SELF = YES;
				CLANG_WARN_OBJC_LITERAL_CONVERSION = YES;
				CLANG_WARN_OBJC_ROOT_CLASS = YES_ERROR;
				CLANG_WARN_QUOTED_INCLUDE_IN_FRAMEWORK_HEADER = YES;
				CLANG_WARN_RANGE_LOOP_ANALYSIS = YES;
				CLANG_WARN_STRICT_PROTOTYPES = YES;
				CLANG_WARN_SUSPICIOUS_MOVE = YES;
				CLANG_WARN_UNGUARDED_AVAILABILITY = YES_AGGRESSIVE;
				CLANG_WARN_UNREACHABLE_CODE = YES;
				CLANG_WARN__DUPLICATE_METHOD_MATCH = YES;
				COPY_PHASE_STRIP = NO;
				DEBUG_INFORMATION_FORMAT = "dwarf-with-dsym";
				ENABLE_NS_ASSERTIONS = NO;
				ENABLE_STRICT_OBJC_MSGSEND = YES;
				GCC_C_LANGUAGE_STANDARD = gnu11;
				GCC_NO_COMMON_BLOCKS = YES;
				GCC_WARN_64_TO_32_BIT_CONVERSION = YES;
				GCC_WARN_ABOUT_RETURN_TYPE = YES_ERROR;
				GCC_WARN_UNDECLARED_SELECTOR = YES;
				GCC_WARN_UNINITIALIZED_AUTOS = YES_AGGRESSIVE;
				GCC_WARN_UNUSED_FUNCTION = YES;
				GCC_WARN_UNUSED_VARIABLE = YES;
				IPHONEOS_DEPLOYMENT_TARGET = 16.2;
				MTL_ENABLE_DEBUG_INFO = NO;
				MTL_FAST_MATH = YES;
				SDKROOT = iphoneos;
				SWIFT_COMPILATION_MODE = wholemodule;
				SWIFT_OPTIMIZATION_LEVEL = "-O";
				VALIDATE_PRODUCT = YES;
			};
			name = Release;
		};
		74C2B7792971BEF500517E71 /* Debug */ = {
			isa = XCBuildConfiguration;
			buildSettings = {
				ASSETCATALOG_COMPILER_APPICON_NAME = AppIcon;
				ASSETCATALOG_COMPILER_GLOBAL_ACCENT_COLOR_NAME = AccentColor;
				CODE_SIGN_STYLE = Automatic;
				CURRENT_PROJECT_VERSION = 1;
				DEVELOPMENT_TEAM = QZGF556L9S;
				GENERATE_INFOPLIST_FILE = YES;
				INFOPLIST_FILE = MyWeather/Info.plist;
				INFOPLIST_KEY_LSApplicationCategoryType = "public.app-category.weather";
				INFOPLIST_KEY_NSLocationWhenInUseUsageDescription = "Этому приложению нужен доступ к вашим геоданным для отображения погодных данных";
				INFOPLIST_KEY_UIApplicationSupportsIndirectInputEvents = YES;
				INFOPLIST_KEY_UILaunchStoryboardName = LaunchScreen;
				INFOPLIST_KEY_UISupportedInterfaceOrientations = UIInterfaceOrientationPortrait;
				INFOPLIST_KEY_UISupportedInterfaceOrientations_iPad = "UIInterfaceOrientationLandscapeLeft UIInterfaceOrientationLandscapeRight UIInterfaceOrientationPortrait UIInterfaceOrientationPortraitUpsideDown";
				IPHONEOS_DEPLOYMENT_TARGET = 14.0;
				LD_RUNPATH_SEARCH_PATHS = (
					"$(inherited)",
					"@executable_path/Frameworks",
				);
				MARKETING_VERSION = 1.0;
				PRODUCT_BUNDLE_IDENTIFIER = Ramil.Girfanov.MyWeather;
				PRODUCT_NAME = "$(TARGET_NAME)";
				SUPPORTED_PLATFORMS = "iphoneos iphonesimulator";
				SUPPORTS_MACCATALYST = NO;
				SUPPORTS_MAC_DESIGNED_FOR_IPHONE_IPAD = NO;
				SWIFT_EMIT_LOC_STRINGS = YES;
				SWIFT_VERSION = 5.0;
				TARGETED_DEVICE_FAMILY = 1;
			};
			name = Debug;
		};
		74C2B77A2971BEF500517E71 /* Release */ = {
			isa = XCBuildConfiguration;
			buildSettings = {
				ASSETCATALOG_COMPILER_APPICON_NAME = AppIcon;
				ASSETCATALOG_COMPILER_GLOBAL_ACCENT_COLOR_NAME = AccentColor;
				CODE_SIGN_STYLE = Automatic;
				CURRENT_PROJECT_VERSION = 1;
				DEVELOPMENT_TEAM = QZGF556L9S;
				GENERATE_INFOPLIST_FILE = YES;
				INFOPLIST_FILE = MyWeather/Info.plist;
				INFOPLIST_KEY_LSApplicationCategoryType = "public.app-category.weather";
				INFOPLIST_KEY_NSLocationWhenInUseUsageDescription = "Этому приложению нужен доступ к вашим геоданным для отображения погодных данных";
				INFOPLIST_KEY_UIApplicationSupportsIndirectInputEvents = YES;
				INFOPLIST_KEY_UILaunchStoryboardName = LaunchScreen;
				INFOPLIST_KEY_UISupportedInterfaceOrientations = UIInterfaceOrientationPortrait;
				INFOPLIST_KEY_UISupportedInterfaceOrientations_iPad = "UIInterfaceOrientationLandscapeLeft UIInterfaceOrientationLandscapeRight UIInterfaceOrientationPortrait UIInterfaceOrientationPortraitUpsideDown";
				IPHONEOS_DEPLOYMENT_TARGET = 14.0;
				LD_RUNPATH_SEARCH_PATHS = (
					"$(inherited)",
					"@executable_path/Frameworks",
				);
				MARKETING_VERSION = 1.0;
				PRODUCT_BUNDLE_IDENTIFIER = Ramil.Girfanov.MyWeather;
				PRODUCT_NAME = "$(TARGET_NAME)";
				SUPPORTED_PLATFORMS = "iphoneos iphonesimulator";
				SUPPORTS_MACCATALYST = NO;
				SUPPORTS_MAC_DESIGNED_FOR_IPHONE_IPAD = NO;
				SWIFT_EMIT_LOC_STRINGS = YES;
				SWIFT_VERSION = 5.0;
				TARGETED_DEVICE_FAMILY = 1;
			};
			name = Release;
		};
/* End XCBuildConfiguration section */

/* Begin XCConfigurationList section */
		74C2B75F2971BEF500517E71 /* Build configuration list for PBXProject "MyWeather" */ = {
			isa = XCConfigurationList;
			buildConfigurations = (
				74C2B7762971BEF500517E71 /* Debug */,
				74C2B7772971BEF500517E71 /* Release */,
			);
			defaultConfigurationIsVisible = 0;
			defaultConfigurationName = Release;
		};
		74C2B7782971BEF500517E71 /* Build configuration list for PBXNativeTarget "MyWeather" */ = {
			isa = XCConfigurationList;
			buildConfigurations = (
				74C2B7792971BEF500517E71 /* Debug */,
				74C2B77A2971BEF500517E71 /* Release */,
			);
			defaultConfigurationIsVisible = 0;
			defaultConfigurationName = Release;
		};
/* End XCConfigurationList section */
	};
	rootObject = 74C2B75C2971BEF500517E71 /* Project object */;
}
